
Microsoft Visual Studio Solution File, Format Version 12.00
# Visual Studio 15
VisualStudioVersion = 15.0.27130.2027
MinimumVisualStudioVersion = 10.0.40219.1
Project("{FAE04EC0-301F-11D3-BF4B-00C04F79EFBC}") = "highlightedPost", "highlightedPost.csproj", "{50C33C3D-DCBC-45F6-BD55-A3684BBEB22A}"
EndProject
Global
	GlobalSection(SolutionConfigurationPlatforms) = preSolution
		Debug|x86 = Debug|x86
		Release|x86 = Release|x86
	EndGlobalSection
	GlobalSection(ProjectConfigurationPlatforms) = postSolution
		{50C33C3D-DCBC-45F6-BD55-A3684BBEB22A}.Debug|x86.ActiveCfg = Debug|x86
		{50C33C3D-DCBC-45F6-BD55-A3684BBEB22A}.Debug|x86.Build.0 = Debug|x86
		{50C33C3D-DCBC-45F6-BD55-A3684BBEB22A}.Release|x86.ActiveCfg = Release|x86
		{50C33C3D-DCBC-45F6-BD55-A3684BBEB22A}.Release|x86.Build.0 = Release|x86
	EndGlobalSection
	GlobalSection(SolutionProperties) = preSolution
		HideSolutionNode = FALSE
	EndGlobalSection
	GlobalSection(ExtensibilityGlobals) = postSolution
		SolutionGuid = {FEAB8BB3-7232-4826-A031-98EBF53E7F93}
	EndGlobalSection
EndGlobal
